
Microsoft Visual Studio Solution File, Format Version 12.00
# Visual Studio Version 16
VisualStudioVersion = 16.0.29503.13
MinimumVisualStudioVersion = 10.0.40219.1
Project("{FAE04EC0-301F-11D3-BF4B-00C04F79EFBC}") = "StopWatch", "StopWatch.csproj", "{5EAA6FCF-2BFB-4B95-B5E6-793F3BBE18BE}"
EndProject
Global
	GlobalSection(SolutionConfigurationPlatforms) = preSolution
		Debug|Any CPU = Debug|Any CPU
		Release|Any CPU = Release|Any CPU
	EndGlobalSection
	GlobalSection(ProjectConfigurationPlatforms) = postSolution
		{5EAA6FCF-2BFB-4B95-B5E6-793F3BBE18BE}.Debug|Any CPU.ActiveCfg = Debug|Any CPU
		{5EAA6FCF-2BFB-4B95-B5E6-793F3BBE18BE}.Debug|Any CPU.Build.0 = Debug|Any CPU
		{5EAA6FCF-2BFB-4B95-B5E6-793F3BBE18BE}.Release|Any CPU.ActiveCfg = Release|Any CPU
		{5EAA6FCF-2BFB-4B95-B5E6-793F3BBE18BE}.Release|Any CPU.Build.0 = Release|Any CPU
	EndGlobalSection
	GlobalSection(SolutionProperties) = preSolution
		HideSolutionNode = FALSE
	EndGlobalSection
	GlobalSection(ExtensibilityGlobals) = postSolution
		SolutionGuid = {87FC2C89-505C-4487-95CF-1BA1D88B42E1}
	EndGlobalSection
EndGlobal
